{
  "name": "dom",
  "version": "1.0.0",
  "lockfileVersion": 1,
  "requires": true,
  "dependencies": {
    "js-util": {
      "version": "github:fatlard1993/js-util#25dd9a6b5ea006f78e94250ea0b1acaa4efbe738",
      "from": "github:fatlard1993/js-util"
    },
    "log": {
      "version": "github:fatlard1993/log#51c0f0f7347ebfd541904c49d4eb6fb88de24da0",
      "from": "github:fatlard1993/log"
    }
  }
}
